// !$*UTF8*$!
{
	archiveVersion = 1;
	classes = {
	};
	objectVersion = 46;
	objects = {

/* Begin PBXBuildFile section */
		01184C6DB42D261A4622CD33 /* timemodule.c */ = {isa = PBXBuildFile; fileRef = 5FAF4AB4B79934B07AAB05DD /* timemodule.c */; };
		02AF481CAD8BBEE6A39CE3DA /* _math.c */ = {isa = PBXBuildFile; fileRef = B80141EA94D932188AA6A490 /* _math.c */; };
		03C24B6289141C755DA79A7F /* getversion.c */ = {isa = PBXBuildFile; fileRef = 3FCB461FAF63D60F4D68432C /* getversion.c */; };
		05F041039782039F7076A213 /* getopt.c */ = {isa = PBXBuildFile; fileRef = 771F4951BB03B982FB1600BC /* getopt.c */; };
		06034D868D4E40D22E634786 /* frameobject.c */ = {isa = PBXBuildFile; fileRef = 70DB45F99CCC1420978D7B5C /* frameobject.c */; };
		079A4295910EBBE8BF75CD65 /* _randommodule.c */ = {isa = PBXBuildFile; fileRef = 7BA54F24AC6A54E9E3BBB275 /* _randommodule.c */; };
		0986422B9E492324EF02C439 /* unicodeobject.c */ = {isa = PBXBuildFile; fileRef = B5D14AC2A5066E30836B6DB0 /* unicodeobject.c */; };
		0B404EC885B3E79C69947DA4 /* grammar1.c */ = {isa = PBXBuildFile; fileRef = EB7A405B95498B7DC02FA189 /* grammar1.c */; };
		0F594439B55C90BC44E6680E /* moduleobject.c */ = {isa = PBXBuildFile; fileRef = 5C7C4B06A3C97C38915CC953 /* moduleobject.c */; };
		0FF94EF2A3FC8C6546E0B940 /* zlibmodule.c */ = {isa = PBXBuildFile; fileRef = AC364B21A81E43862D8BBB27 /* zlibmodule.c */; };
		11FB42B886AA000C95CE9D30 /* iterobject.c */ = {isa = PBXBuildFile; fileRef = 12BD4722B81A7904D01CD58C /* iterobject.c */; };
		1676468DAC03BC378E18FD52 /* structmember.c */ = {isa = PBXBuildFile; fileRef = F2FA4767AA6FEF6DF1482910 /* structmember.c */; };
		1696452AA3F4C10FEB1A51C0 /* mysnprintf.c */ = {isa = PBXBuildFile; fileRef = 8FBD45B1B51493DE058FAF0C /* mysnprintf.c */; };
		17104BD3AA595C36C5870AAF /* sliceobject.c */ = {isa = PBXBuildFile; fileRef = 6C474D2D8763C04D70FCA56C /* sliceobject.c */; };
		17D444CB8733A8A0A2E2B074 /* textio.c */ = {isa = PBXBuildFile; fileRef = 4B934F9F8F69C2D926DBFAC7 /* textio.c */; };
		18C3454C8B4E48C492EB767B /* boolobject.c */ = {isa = PBXBuildFile; fileRef = 36C24AAEA741053A8285C3ED /* boolobject.c */; };
		196045FD8402F86CE29ABE3D /* firstsets.c */ = {isa = PBXBuildFile; fileRef = BEBB419CA681CDCA414AE8EE /* firstsets.c */; };
		1A3D4E93B886970B358F7AF0 /* socketmodule.c */ = {isa = PBXBuildFile; fileRef = A54740BD854659005A0B0E2E /* socketmodule.c */; };
		1D0444798FF1A22BD0F663B6 /* bytes_methods.c */ = {isa = PBXBuildFile; fileRef = E6A94FE2A1CD2BC9B46FEB48 /* bytes_methods.c */; };
		1F4B499187E83D559B981F1F /* memoryobject.c */ = {isa = PBXBuildFile; fileRef = 8D4A447CBED5EA6BE84455DE /* memoryobject.c */; };
		201E49DB83C2D21C6F41CA19 /* structseq.c */ = {isa = PBXBuildFile; fileRef = 7ED3431FA641FBD86E578716 /* structseq.c */; };
		227C476780CBA1BA8060C922 /* exceptions.c */ = {isa = PBXBuildFile; fileRef = CEA340A794740B5426B3365B /* exceptions.c */; };
		24FC4766A53B1E145EE8207F /* threadmodule.c */ = {isa = PBXBuildFile; fileRef = 1618496F8C5D5F68777CF4ED /* threadmodule.c */; };
		25C94955BBE5E3F4C54E9418 /* _warnings.c */ = {isa = PBXBuildFile; fileRef = D2254538805CFDAB685F746D /* _warnings.c */; };
		2871455EBADD7E0622B4500E /* atof.c */ = {isa = PBXBuildFile; fileRef = 052A42C2B64034E02EAD3585 /* atof.c */; };
		294E494FA904772DD25DF555 /* stringobject.c */ = {isa = PBXBuildFile; fileRef = FD9347C3BB76347A1A445A7D /* stringobject.c */; };
		2D6D412CAD02AB0865842285 /* main.c */ = {isa = PBXBuildFile; fileRef = 03644272B4B282E9E2E2FF9D /* main.c */; };
		31F84797B5FC1835FB8D2F04 /* _struct.c */ = {isa = PBXBuildFile; fileRef = 28754562A5DD417B46052A34 /* _struct.c */; };
		33BB4BBAB5500D059E33C2A2 /* fileobject.c */ = {isa = PBXBuildFile; fileRef = 91D94BEA94B13D431E076B98 /* fileobject.c */; };
		373B41AC80249ED4E65C88EE /* posixmodule.c */ = {isa = PBXBuildFile; fileRef = 70BD4B2F8701DF7EED171644 /* posixmodule.c */; };
		3CC44E459D178279116BE671 /* bytesio.c */ = {isa = PBXBuildFile; fileRef = D7B74286A0AB6EE8AF970AF7 /* bytesio.c */; };
		3CD04460B9E93B5D00E62CFC /* symtable.c */ = {isa = PBXBuildFile; fileRef = 06EA42E2B913136BF4A8C118 /* symtable.c */; };
		3D444C3A873A47C6013F0BE8 /* _ssl.c */ = {isa = PBXBuildFile; fileRef = 5849428FAE12032E0BF8777D /* _ssl.c */; };
		3D7A424799EA9FB02A76C414 /* ceval.c */ = {isa = PBXBuildFile; fileRef = D37A4C3FA1E61946B4240582 /* ceval.c */; };
		3E1C4A968ADD0CFD146C0F20 /* importdl.c */ = {isa = PBXBuildFile; fileRef = A33A45FA80B0C110B783DF33 /* importdl.c */; };
		44BF479198E7B11666C0C2F1 /* cStringIO.c */ = {isa = PBXBuildFile; fileRef = 3475467DB22DCCB7872AD1DB /* cStringIO.c */; };
		45604E01912AAB7D86735A61 /* modsupport.c */ = {isa = PBXBuildFile; fileRef = CF1B47948A4A7C0D2DA29E0D /* modsupport.c */; };
		464A417CBAC8D43BFDAF84CE /* typeobject.c */ = {isa = PBXBuildFile; fileRef = 29914C4080BB2F50BA0DC00A /* typeobject.c */; };
		47634D39914EF2AFEE78324E /* datetimemodule.c */ = {isa = PBXBuildFile; fileRef = B0C744EF80F638BB58326D96 /* datetimemodule.c */; };
		48D14E619A12B6254435E474 /* bytearrayobject.c */ = {isa = PBXBuildFile; fileRef = E63E4BCB88BB661158D5D11C /* bytearrayobject.c */; };
		4B55448692AC711ACFCA5B94 /* pymath.c */ = {isa = PBXBuildFile; fileRef = 26474EA98FCC9176799325BF /* pymath.c */; };
		4BDB421D9C01A678ED6740D6 /* selectmodule.c */ = {isa = PBXBuildFile; fileRef = BD8E4F0F903D4D7121CD3ED2 /* selectmodule.c */; };
		4C78464395C02392E41D9138 /* longobject.c */ = {isa = PBXBuildFile; fileRef = AE124DFE82E0F7CBDF7B02A9 /* longobject.c */; };
		4D1D420D8B0A6E490B208EC2 /* errnomodule.c */ = {isa = PBXBuildFile; fileRef = FE1C49309265001F10A6B38A /* errnomodule.c */; };
		4F924625B788980EE6A5B4EB /* enumobject.c */ = {isa = PBXBuildFile; fileRef = 92C741B29EF9F8380D41AA5A /* enumobject.c */; };
		51014953BE98BCA4E976B17A /* parsetok.c */ = {isa = PBXBuildFile; fileRef = 09934D2080DDE2F6A465F0AA /* parsetok.c */; };
		52084C50AF723257BC173D25 /* bltinmodule.c */ = {isa = PBXBuildFile; fileRef = 65F041BA8690B71F93B6F4EB /* bltinmodule.c */; };
		52974D2ABA8927FF74353039 /* tupleobject.c */ = {isa = PBXBuildFile; fileRef = 6F464E97A23434A49A343110 /* tupleobject.c */; };
		54C9491C98F7290A69D404D4 /* pythonrun.c */ = {isa = PBXBuildFile; fileRef = 56A940CE9CA2EF6C639240DF /* pythonrun.c */; };
		58004D02A41D2E06FD30A3D2 /* node.c */ = {isa = PBXBuildFile; fileRef = E4FE48D586A61F0569904336 /* node.c */; };
		5A634B629B9AAD6205D442EA /* genobject.c */ = {isa = PBXBuildFile; fileRef = D905402EA186EF0CAAC7FD43 /* genobject.c */; };
		5BEE494B8C771BE7B84F0459 /* object.c */ = {isa = PBXBuildFile; fileRef = 1DB041148009DFA0DEDE527B /* object.c */; };
		5C434E09B17985CDCB9D8E37 /* sha256module.c */ = {isa = PBXBuildFile; fileRef = 3AD54246B304195A5CF4C277 /* sha256module.c */; };
		5CF943A3AAEF5CEBAC15E2F2 /* fileio.c */ = {isa = PBXBuildFile; fileRef = 4CC5400E942860195DEA6D94 /* fileio.c */; };
		5E5F4998A2B6CF0DBECC58E8 /* frozenmain.c */ = {isa = PBXBuildFile; fileRef = 97FA42C0A4CCFCD8B254CDA7 /* frozenmain.c */; };
		5F4B41628C606E493B60F3BB /* strtod.c */ = {isa = PBXBuildFile; fileRef = 918E4C92A06EF1F95F015C2C /* strtod.c */; };
		61F54372B626187104A2F225 /* bufferobject.c */ = {isa = PBXBuildFile; fileRef = 96FD472491AD8467725E34CF /* bufferobject.c */; };
		63CC422A86B7F1CA3118E920 /* bufferedio.c */ = {isa = PBXBuildFile; fileRef = 7A6F40AA8EB96D26BB8F0C13 /* bufferedio.c */; };
		64F94174A53C5678532639CC /* _sre.c */ = {isa = PBXBuildFile; fileRef = 96B847168FA7E21E50BD945B /* _sre.c */; };
		67DA42EABAB512DDAA92DA25 /* cobject.c */ = {isa = PBXBuildFile; fileRef = ADB545A1932EAAFC29790E63 /* cobject.c */; };
		6E3E4E319CC7356A9712AC8A /* _weakref.c */ = {isa = PBXBuildFile; fileRef = 085945B5939F6D014BA83130 /* _weakref.c */; };
		704541669F33ACD65322A809 /* pygetpath.c */ = {isa = PBXBuildFile; fileRef = 0DD542FBAF4059B8A5845C6C /* pygetpath.c */; };
		70F94BA59FAD18CA6F9C31D6 /* Python-ast.c */ = {isa = PBXBuildFile; fileRef = B4AD4A8FB2DFB04849148CD8 /* Python-ast.c */; };
		711E405799695FEDA0B9E4C2 /* weakrefobject.c */ = {isa = PBXBuildFile; fileRef = 520846DD8309985D20D56A27 /* weakrefobject.c */; };
		71CE40ECA40F1D40450E898A /* tokenizer.c */ = {isa = PBXBuildFile; fileRef = 37F54649874B96E07CCEBE28 /* tokenizer.c */; };
		745D460B85ADD6B21D6E0145 /* printgrammar.c */ = {isa = PBXBuildFile; fileRef = 7F874414AE933C0ACA5C7278 /* printgrammar.c */; };
		776F47F8AC57C8C41F066EF0 /* graminit.c */ = {isa = PBXBuildFile; fileRef = EB814071ACCF290E6247F7EC /* graminit.c */; };
		78BB434AA6FE387F2B52862D /* fcntlmodule.c */ = {isa = PBXBuildFile; fileRef = 86494B6D9D6B0E938736A97B /* fcntlmodule.c */; };
		7C204B52923006AC5F58F860 /* strdup.c */ = {isa = PBXBuildFile; fileRef = 08BE4A8287025A3885BCC025 /* strdup.c */; };
		7C8E47CB9E608036FF584407 /* methodobject.c */ = {isa = PBXBuildFile; fileRef = 06044A1A9045A060DEE72929 /* methodobject.c */; };
		80C649A28EAED9CAF5F933A6 /* getcompiler.c */ = {isa = PBXBuildFile; fileRef = 96F5483D9BCEC6CF6FB48BDB /* getcompiler.c */; };
		80DF438DA6891FD70A63447F /* getcwd.c */ = {isa = PBXBuildFile; fileRef = EA9642948BAAD9FD6D6D59DA /* getcwd.c */; };
		83984B65874B2577EF6D27EE /* _csv.c */ = {isa = PBXBuildFile; fileRef = ECEE422D90974B6AFC6E9A7D /* _csv.c */; };
		84C346A3B4FAD617FD4AD357 /* bitset.c */ = {isa = PBXBuildFile; fileRef = C9314DFA851869CD3E216BB0 /* bitset.c */; };
		851E4A559C45E53B909E170E /* classobject.c */ = {isa = PBXBuildFile; fileRef = D8E54BB3B7D209421468745C /* classobject.c */; };
		85234686BA95E79FF2B25EEF /* rangeobject.c */ = {isa = PBXBuildFile; fileRef = 713649C2A9C2E2E5976CBB58 /* rangeobject.c */; };
		877246D5B4156D9FFEC63C37 /* compile.c */ = {isa = PBXBuildFile; fileRef = 50B4422B9948C74C87A0A850 /* compile.c */; };
		888746FCB9755542431BF4C1 /* itertoolsmodule.c */ = {isa = PBXBuildFile; fileRef = DA4F497DB010263C9BCBFB69 /* itertoolsmodule.c */; };
		899947EABEA5E0852BB511ED /* errors.c */ = {isa = PBXBuildFile; fileRef = 9AEF46D1944DEB1E0224B250 /* errors.c */; };
		89EE493198D0D7699B25469E /* getargs.c */ = {isa = PBXBuildFile; fileRef = 9BE843829033C5442375051D /* getargs.c */; };
		8AA14962BA4527FFB0E45506 /* mystrtoul.c */ = {isa = PBXBuildFile; fileRef = D8F047CC835A56ED96894FE0 /* mystrtoul.c */; };
		8E5E4B3FA5CE71CDD386A6A2 /* pystrcmp.c */ = {isa = PBXBuildFile; fileRef = 3AB64A04AA3D78EE101F37CA /* pystrcmp.c */; };
		8E6F42D1AB0EABB13E5D3B24 /* descrobject.c */ = {isa = PBXBuildFile; fileRef = 0E424EB8BC5A3B059004EB24 /* descrobject.c */; };
		8EE847B3B9D038672D4AE6DD /* traceback.c */ = {isa = PBXBuildFile; fileRef = FCF942BF8B2B47CC867B8596 /* traceback.c */; };
		8F7C4ACC9AEADCECEC819FF4 /* formatter_string.c */ = {isa = PBXBuildFile; fileRef = 15354E3CB0D4D1189C8A3664 /* formatter_string.c */; };
		8FA746899DCC0805D1CFDB1E /* marshal.c */ = {isa = PBXBuildFile; fileRef = 25BF4686842A781CED4FA9A6 /* marshal.c */; };
		90A74321B1D869A791581EA7 /* signalmodule.c */ = {isa = PBXBuildFile; fileRef = 090F4D7BAABBC7FDFFE15EB8 /* signalmodule.c */; };
		94A84554BA5C9C1AA7EFA43C /* frozen.c */ = {isa = PBXBuildFile; fileRef = 0BD74D0482F78BE45ECD9D5D /* frozen.c */; };
		94CE4CFD9EC70E23963DF13A /* pyimportconfig.c */ = {isa = PBXBuildFile; fileRef = B13E42CB8E858779E96522E6 /* pyimportconfig.c */; };
		9508402FBE32B51580936D7A /* binascii.c */ = {isa = PBXBuildFile; fileRef = 08934934ABE68D93C19FE2ED /* binascii.c */; };
		9ADC455CB75638AAF1ABFEF7 /* ast.c */ = {isa = PBXBuildFile; fileRef = 18A5442FA0E9D2EB07EEBAEA /* ast.c */; };
		A028433A86AD50DD33A02D3D /* dictobject.c */ = {isa = PBXBuildFile; fileRef = BC98485C9F7E9BB42BA6B44C /* dictobject.c */; };
		A0E64307B43FFA0E1BA35403 /* _iomodule.c */ = {isa = PBXBuildFile; fileRef = 5C3F474799BEA2810E793801 /* _iomodule.c */; };
		A23F4895B1F054BE70CDA272 /* dynload_stub.c */ = {isa = PBXBuildFile; fileRef = C114492B81A6D03A188843DD /* dynload_stub.c */; };
		A2A04A6CBE527A8C61682C9C /* cellobject.c */ = {isa = PBXBuildFile; fileRef = E93044DDB6884088F889C5A1 /* cellobject.c */; };
		A313465BA5D93817B1CB8254 /* obmalloc.c */ = {isa = PBXBuildFile; fileRef = 2A6541DD9AE97BE5B52177B5 /* obmalloc.c */; };
		A3844AD18D88CE5A5B8B4995 /* listnode.c */ = {isa = PBXBuildFile; fileRef = DEB94FB0A7E1791B9351A460 /* listnode.c */; };
		A47F4C0987058EF4C1231517 /* _codecsmodule.c */ = {isa = PBXBuildFile; fileRef = E1444ED2B910E7C54108696B /* _codecsmodule.c */; };
		A5B64F9FB9065F80B4C9007D /* thread.c */ = {isa = PBXBuildFile; fileRef = 4D4148968DAD0EBDB05BD426 /* thread.c */; };
		A6C846A39EA21EAF0AC08129 /* funcobject.c */ = {isa = PBXBuildFile; fileRef = 01DA487DBC8C7A3819EAAF2A /* funcobject.c */; };
		AECB447D8FF5366387E1FC23 /* getplatform.c */ = {isa = PBXBuildFile; fileRef = B45F4FA599087213F3A98886 /* getplatform.c */; };
		B5F64E8385CCEEE84AC91E28 /* formatter_unicode.c */ = {isa = PBXBuildFile; fileRef = 277243F7A8F2AE625504E166 /* formatter_unicode.c */; };
		B7F641DB8B1150A90B2C88D6 /* intobject.c */ = {isa = PBXBuildFile; fileRef = E0E6491BA9547233EE517FE5 /* intobject.c */; };
		B8A54F66A3C1009C90AB43C1 /* unicodectype.c */ = {isa = PBXBuildFile; fileRef = 453D4DF7A413FDDC73CCC6A6 /* unicodectype.c */; };
		B8B04BFF9BF176880A591E5A /* listobject.c */ = {isa = PBXBuildFile; fileRef = 8A82469FB03C894273553E74 /* listobject.c */; };
		B8FC4D0987BF8AFCB70965BB /* setobject.c */ = {isa = PBXBuildFile; fileRef = 9AD74A4182844494D4FB4A0D /* setobject.c */; };
		BAC04F08A350EB918AB9AA37 /* _collectionsmodule.c */ = {isa = PBXBuildFile; fileRef = 996A46B7926F4E6C7C93B956 /* _collectionsmodule.c */; };
		BF3449B1AFAED9BFE017276D /* complexobject.c */ = {isa = PBXBuildFile; fileRef = CB714AC8A67A4C2FD07CCB07 /* complexobject.c */; };
		BFF04C7D854D8C45C7660EA2 /* stringio.c */ = {isa = PBXBuildFile; fileRef = 58E9403DB00209E0287BB00B /* stringio.c */; };
		C01147A999A9A42447009762 /* abstract.c */ = {isa = PBXBuildFile; fileRef = 3D0D4CCFA2B6849E4A04432E /* abstract.c */; };
		CB124AEEBD5F00025BA135EA /* asdl.c */ = {isa = PBXBuildFile; fileRef = E82542CCBC7071D9293F48B9 /* asdl.c */; };
		D0034FD18138100E4DB91169 /* gcmodule.c */ = {isa = PBXBuildFile; fileRef = A05F41439990B0CC9BE38364 /* gcmodule.c */; };
		D2164BE785F7F47E67E10CAF /* sha512module.c */ = {isa = PBXBuildFile; fileRef = 264448E09823C162BE8B28DA /* sha512module.c */; };
		D2E24A64BD3E6607625DC907 /* operator.c */ = {isa = PBXBuildFile; fileRef = 3E6D4F368488D3D2F6638D4F /* operator.c */; };
		D54447F783E7717E8BA328F7 /* sysmodule.c */ = {isa = PBXBuildFile; fileRef = 1BEC4AAF9FCBCEC078B1C865 /* sysmodule.c */; };
		D57246CD988840D69D0F34AA /* pyctype.c */ = {isa = PBXBuildFile; fileRef = B3C14C0E8853880981413FAE /* pyctype.c */; };
		D5A44FFB8C9C9CF3EBF05B9A /* floatobject.c */ = {isa = PBXBuildFile; fileRef = 249C45D4A44C9D34DF825D76 /* floatobject.c */; };
		D828463997143285E4461F26 /* codeobject.c */ = {isa = PBXBuildFile; fileRef = 5281411E9B9F3A89EAA6592C /* codeobject.c */; };
		D84043C5A2AE86A019B2E887 /* acceler.c */ = {isa = PBXBuildFile; fileRef = 82B54FC2B80792AB77FEF19A /* acceler.c */; };
		D88D493EB5AC37E2B32AFFB1 /* capsule.c */ = {isa = PBXBuildFile; fileRef = E44A4436BBE9F6B3F4B10D4B /* capsule.c */; };
		DAE14D2D8ECC66ABBE800DEB /* shamodule.c */ = {isa = PBXBuildFile; fileRef = 268646B5B1E52DEF7095A474 /* shamodule.c */; };
		DF8A42F98470648844A0ED2B /* dtoa.c */ = {isa = PBXBuildFile; fileRef = A2464520908D74362A7BD78B /* dtoa.c */; };
		E6674E1F961BCEC0F869C03B /* arraymodule.c */ = {isa = PBXBuildFile; fileRef = 95BA40CFA1C1FA7CA0626E55 /* arraymodule.c */; };
		E9C64743BDF568C63CA8F466 /* metagrammar.c */ = {isa = PBXBuildFile; fileRef = 794A41D281C8EBBB85B6EE03 /* metagrammar.c */; };
		EA21401CB97EB059F6D6CB11 /* _functoolsmodule.c */ = {isa = PBXBuildFile; fileRef = 7E804181930420A550D1BEE6 /* _functoolsmodule.c */; };
		EBCE4A4DBCB55508381343FD /* codecs.c */ = {isa = PBXBuildFile; fileRef = 1C994F7097AF9AF005C5FFFC /* codecs.c */; };
		ECBF4746969D883C581CC3CC /* grammar.c */ = {isa = PBXBuildFile; fileRef = 4AE741D188CB9EFDB924D1F0 /* grammar.c */; };
		ED054104B2551A56886E1060 /* future.c */ = {isa = PBXBuildFile; fileRef = 4C334F85B063EF913B874132 /* future.c */; };
		ED0E4501A5D56BC850C6E272 /* myreadline.c */ = {isa = PBXBuildFile; fileRef = EC234A1A872A905718138C76 /* myreadline.c */; };
		F131493C8EA6C9BB557FFA10 /* dup2.c */ = {isa = PBXBuildFile; fileRef = DAB74C83AF3F486543199EA4 /* dup2.c */; };
		F165446DB813C7EB1AFA70C5 /* random.c */ = {isa = PBXBuildFile; fileRef = 38454B42BADB4A66C772B9FE /* random.c */; };
		F3A840B1B38DC319A22BE8CA /* pystrtod.c */ = {isa = PBXBuildFile; fileRef = BA0146D8A4ADDF1E9E8DE53B /* pystrtod.c */; };
		F3F24A7984C2A5F00EB80D64 /* md5module.c */ = {isa = PBXBuildFile; fileRef = CBA8456CB382E18E87DA9595 /* md5module.c */; };
		F4ED46828FE3164DA531B5E3 /* iobase.c */ = {isa = PBXBuildFile; fileRef = E4364C02A7E0F9701D06702F /* iobase.c */; };
		F5604B97A54F4EA57F101768 /* getbuildinfo.c */ = {isa = PBXBuildFile; fileRef = 4E72440EA45A18C01EDEDA14 /* getbuildinfo.c */; };
		F5C646DE9CE01558A63DED83 /* import.c */ = {isa = PBXBuildFile; fileRef = 457A4EED83A6DBC4199F39DB /* import.c */; };
		F618406FBB957E75350908F6 /* getcopyright.c */ = {isa = PBXBuildFile; fileRef = 7D214793AF90063D5CD7BA1C /* getcopyright.c */; };
		F64C4071B90CD1E71E6F2989 /* pystate.c */ = {isa = PBXBuildFile; fileRef = DD424C1FBCF6820D7316A1AD /* pystate.c */; };
		F88148B98E8295195D780D89 /* md5.c */ = {isa = PBXBuildFile; fileRef = 22AC40EB802B196566455962 /* md5.c */; };
		F8BA4669BDBB7AB44FB6C257 /* parser.c */ = {isa = PBXBuildFile; fileRef = 77414611B9157E2AE4DF1E54 /* parser.c */; };
		FBDA4594A93917E03FAA2F8B /* peephole.c */ = {isa = PBXBuildFile; fileRef = 133C42DE9C7C936FEF79D536 /* peephole.c */; };
		FCC842B4942FA4049C6264A8 /* _json.c */ = {isa = PBXBuildFile; fileRef = 7F7841B3A2630DE4EEC1141C /* _json.c */; };
		FD6D46D79B54044310E4AD7C /* mathmodule.c */ = {isa = PBXBuildFile; fileRef = 30C14B94B316E6CAE9D41112 /* mathmodule.c */; };
		FDA94921B49C63D19890FB5B /* pyfpe.c */ = {isa = PBXBuildFile; fileRef = 01D448E99287B3E6480088AA /* pyfpe.c */; };
		FFAA4DD4BADEFAD371100737 /* pyarena.c */ = {isa = PBXBuildFile; fileRef = A2F94EB9B4406C6B4B2A4D09 /* pyarena.c */; };
/* End PBXBuildFile section */

/* Begin PBXFileReference section */
		01D448E99287B3E6480088AA /* pyfpe.c */ = {isa = PBXFileReference; lastKnownFileType = sourcecode.c.c; name = pyfpe.c; path = CPython/Python/pyfpe.c; sourceTree = SOURCE_ROOT; };
		01DA487DBC8C7A3819EAAF2A /* funcobject.c */ = {isa = PBXFileReference; lastKnownFileType = sourcecode.c.c; name = funcobject.c; path = CPython/Objects/funcobject.c; sourceTree = SOURCE_ROOT; };
		03644272B4B282E9E2E2FF9D /* main.c */ = {isa = PBXFileReference; lastKnownFileType = sourcecode.c.c; name = main.c; path = CPython/Modules/main.c; sourceTree = SOURCE_ROOT; };
		052A42C2B64034E02EAD3585 /* atof.c */ = {isa = PBXFileReference; lastKnownFileType = sourcecode.c.c; name = atof.c; path = CPython/Python/atof.c; sourceTree = SOURCE_ROOT; };
		06044A1A9045A060DEE72929 /* methodobject.c */ = {isa = PBXFileReference; lastKnownFileType = sourcecode.c.c; name = methodobject.c; path = CPython/Objects/methodobject.c; sourceTree = SOURCE_ROOT; };
		06EA42E2B913136BF4A8C118 /* symtable.c */ = {isa = PBXFileReference; lastKnownFileType = sourcecode.c.c; name = symtable.c; path = CPython/Python/symtable.c; sourceTree = SOURCE_ROOT; };
		085945B5939F6D014BA83130 /* _weakref.c */ = {isa = PBXFileReference; lastKnownFileType = sourcecode.c.c; name = _weakref.c; path = CPython/Modules/_weakref.c; sourceTree = SOURCE_ROOT; };
		08934934ABE68D93C19FE2ED /* binascii.c */ = {isa = PBXFileReference; lastKnownFileType = sourcecode.c.c; name = binascii.c; path = CPython/Modules/binascii.c; sourceTree = SOURCE_ROOT; };
		08BE4A8287025A3885BCC025 /* strdup.c */ = {isa = PBXFileReference; lastKnownFileType = sourcecode.c.c; name = strdup.c; path = CPython/Python/strdup.c; sourceTree = SOURCE_ROOT; };
		090F4D7BAABBC7FDFFE15EB8 /* signalmodule.c */ = {isa = PBXFileReference; lastKnownFileType = sourcecode.c.c; name = signalmodule.c; path = CPython/Modules/signalmodule.c; sourceTree = SOURCE_ROOT; };
		09934D2080DDE2F6A465F0AA /* parsetok.c */ = {isa = PBXFileReference; lastKnownFileType = sourcecode.c.c; name = parsetok.c; path = CPython/Parser/parsetok.c; sourceTree = SOURCE_ROOT; };
		0BD74D0482F78BE45ECD9D5D /* frozen.c */ = {isa = PBXFileReference; lastKnownFileType = sourcecode.c.c; name = frozen.c; path = CPython/Python/frozen.c; sourceTree = SOURCE_ROOT; };
		0DD542FBAF4059B8A5845C6C /* pygetpath.c */ = {isa = PBXFileReference; lastKnownFileType = sourcecode.c.c; name = pygetpath.c; path = pygetpath.c; sourceTree = SOURCE_ROOT; };
		0E424EB8BC5A3B059004EB24 /* descrobject.c */ = {isa = PBXFileReference; lastKnownFileType = sourcecode.c.c; name = descrobject.c; path = CPython/Objects/descrobject.c; sourceTree = SOURCE_ROOT; };
		12BD4722B81A7904D01CD58C /* iterobject.c */ = {isa = PBXFileReference; lastKnownFileType = sourcecode.c.c; name = iterobject.c; path = CPython/Objects/iterobject.c; sourceTree = SOURCE_ROOT; };
		133C42DE9C7C936FEF79D536 /* peephole.c */ = {isa = PBXFileReference; lastKnownFileType = sourcecode.c.c; name = peephole.c; path = CPython/Python/peephole.c; sourceTree = SOURCE_ROOT; };
		15354E3CB0D4D1189C8A3664 /* formatter_string.c */ = {isa = PBXFileReference; lastKnownFileType = sourcecode.c.c; name = formatter_string.c; path = CPython/Python/formatter_string.c; sourceTree = SOURCE_ROOT; };
		1618496F8C5D5F68777CF4ED /* threadmodule.c */ = {isa = PBXFileReference; lastKnownFileType = sourcecode.c.c; name = threadmodule.c; path = CPython/Modules/threadmodule.c; sourceTree = SOURCE_ROOT; };
		18A5442FA0E9D2EB07EEBAEA /* ast.c */ = {isa = PBXFileReference; lastKnownFileType = sourcecode.c.c; name = ast.c; path = CPython/Python/ast.c; sourceTree = SOURCE_ROOT; };
		1BEC4AAF9FCBCEC078B1C865 /* sysmodule.c */ = {isa = PBXFileReference; lastKnownFileType = sourcecode.c.c; name = sysmodule.c; path = CPython/Python/sysmodule.c; sourceTree = SOURCE_ROOT; };
		1C994F7097AF9AF005C5FFFC /* codecs.c */ = {isa = PBXFileReference; lastKnownFileType = sourcecode.c.c; name = codecs.c; path = CPython/Python/codecs.c; sourceTree = SOURCE_ROOT; };
		1DB041148009DFA0DEDE527B /* object.c */ = {isa = PBXFileReference; lastKnownFileType = sourcecode.c.c; name = object.c; path = CPython/Objects/object.c; sourceTree = SOURCE_ROOT; };
		22AC40EB802B196566455962 /* md5.c */ = {isa = PBXFileReference; lastKnownFileType = sourcecode.c.c; name = md5.c; path = CPython/Modules/md5.c; sourceTree = SOURCE_ROOT; };
		2303494D17AC4B0F00C6033C /* Python.dylib */ = {isa = PBXFileReference; explicitFileType = compiled.mach-o.dylib; includeInIndex = 0; path = Python.dylib; sourceTree = BUILT_PRODUCTS_DIR; };
		249C45D4A44C9D34DF825D76 /* floatobject.c */ = {isa = PBXFileReference; lastKnownFileType = sourcecode.c.c; name = floatobject.c; path = CPython/Objects/floatobject.c; sourceTree = SOURCE_ROOT; };
		25BF4686842A781CED4FA9A6 /* marshal.c */ = {isa = PBXFileReference; lastKnownFileType = sourcecode.c.c; name = marshal.c; path = CPython/Python/marshal.c; sourceTree = SOURCE_ROOT; };
		264448E09823C162BE8B28DA /* sha512module.c */ = {isa = PBXFileReference; lastKnownFileType = sourcecode.c.c; name = sha512module.c; path = CPython/Modules/sha512module.c; sourceTree = SOURCE_ROOT; };
		26474EA98FCC9176799325BF /* pymath.c */ = {isa = PBXFileReference; lastKnownFileType = sourcecode.c.c; name = pymath.c; path = CPython/Python/pymath.c; sourceTree = SOURCE_ROOT; };
		268646B5B1E52DEF7095A474 /* shamodule.c */ = {isa = PBXFileReference; lastKnownFileType = sourcecode.c.c; name = shamodule.c; path = CPython/Modules/shamodule.c; sourceTree = SOURCE_ROOT; };
		277243F7A8F2AE625504E166 /* formatter_unicode.c */ = {isa = PBXFileReference; lastKnownFileType = sourcecode.c.c; name = formatter_unicode.c; path = CPython/Python/formatter_unicode.c; sourceTree = SOURCE_ROOT; };
		28754562A5DD417B46052A34 /* _struct.c */ = {isa = PBXFileReference; lastKnownFileType = sourcecode.c.c; name = _struct.c; path = CPython/Modules/_struct.c; sourceTree = SOURCE_ROOT; };
		29914C4080BB2F50BA0DC00A /* typeobject.c */ = {isa = PBXFileReference; lastKnownFileType = sourcecode.c.c; name = typeobject.c; path = CPython/Objects/typeobject.c; sourceTree = SOURCE_ROOT; };
		2A6541DD9AE97BE5B52177B5 /* obmalloc.c */ = {isa = PBXFileReference; lastKnownFileType = sourcecode.c.c; name = obmalloc.c; path = CPython/Objects/obmalloc.c; sourceTree = SOURCE_ROOT; };
		30C14B94B316E6CAE9D41112 /* mathmodule.c */ = {isa = PBXFileReference; lastKnownFileType = sourcecode.c.c; name = mathmodule.c; path = CPython/Modules/mathmodule.c; sourceTree = SOURCE_ROOT; };
		3475467DB22DCCB7872AD1DB /* cStringIO.c */ = {isa = PBXFileReference; lastKnownFileType = sourcecode.c.c; name = cStringIO.c; path = CPython/Modules/cStringIO.c; sourceTree = SOURCE_ROOT; };
		36C24AAEA741053A8285C3ED /* boolobject.c */ = {isa = PBXFileReference; lastKnownFileType = sourcecode.c.c; name = boolobject.c; path = CPython/Objects/boolobject.c; sourceTree = SOURCE_ROOT; };
		37F54649874B96E07CCEBE28 /* tokenizer.c */ = {isa = PBXFileReference; lastKnownFileType = sourcecode.c.c; name = tokenizer.c; path = CPython/Parser/tokenizer.c; sourceTree = SOURCE_ROOT; };
		38454B42BADB4A66C772B9FE /* random.c */ = {isa = PBXFileReference; lastKnownFileType = sourcecode.c.c; name = random.c; path = CPython/Python/random.c; sourceTree = SOURCE_ROOT; };
		3AB64A04AA3D78EE101F37CA /* pystrcmp.c */ = {isa = PBXFileReference; lastKnownFileType = sourcecode.c.c; name = pystrcmp.c; path = CPython/Python/pystrcmp.c; sourceTree = SOURCE_ROOT; };
		3AD54246B304195A5CF4C277 /* sha256module.c */ = {isa = PBXFileReference; lastKnownFileType = sourcecode.c.c; name = sha256module.c; path = CPython/Modules/sha256module.c; sourceTree = SOURCE_ROOT; };
		3D0D4CCFA2B6849E4A04432E /* abstract.c */ = {isa = PBXFileReference; lastKnownFileType = sourcecode.c.c; name = abstract.c; path = CPython/Objects/abstract.c; sourceTree = SOURCE_ROOT; };
		3E6D4F368488D3D2F6638D4F /* operator.c */ = {isa = PBXFileReference; lastKnownFileType = sourcecode.c.c; name = operator.c; path = CPython/Modules/operator.c; sourceTree = SOURCE_ROOT; };
		3FCB461FAF63D60F4D68432C /* getversion.c */ = {isa = PBXFileReference; lastKnownFileType = sourcecode.c.c; name = getversion.c; path = CPython/Python/getversion.c; sourceTree = SOURCE_ROOT; };
		453D4DF7A413FDDC73CCC6A6 /* unicodectype.c */ = {isa = PBXFileReference; lastKnownFileType = sourcecode.c.c; name = unicodectype.c; path = CPython/Objects/unicodectype.c; sourceTree = SOURCE_ROOT; };
		457A4EED83A6DBC4199F39DB /* import.c */ = {isa = PBXFileReference; lastKnownFileType = sourcecode.c.c; name = import.c; path = CPython/Python/import.c; sourceTree = SOURCE_ROOT; };
		4AE741D188CB9EFDB924D1F0 /* grammar.c */ = {isa = PBXFileReference; lastKnownFileType = sourcecode.c.c; name = grammar.c; path = CPython/Parser/grammar.c; sourceTree = SOURCE_ROOT; };
		4B934F9F8F69C2D926DBFAC7 /* textio.c */ = {isa = PBXFileReference; lastKnownFileType = sourcecode.c.c; name = textio.c; path = CPython/Modules/_io/textio.c; sourceTree = SOURCE_ROOT; };
		4C334F85B063EF913B874132 /* future.c */ = {isa = PBXFileReference; lastKnownFileType = sourcecode.c.c; name = future.c; path = CPython/Python/future.c; sourceTree = SOURCE_ROOT; };
		4CC5400E942860195DEA6D94 /* fileio.c */ = {isa = PBXFileReference; lastKnownFileType = sourcecode.c.c; name = fileio.c; path = CPython/Modules/_io/fileio.c; sourceTree = SOURCE_ROOT; };
		4D4148968DAD0EBDB05BD426 /* thread.c */ = {isa = PBXFileReference; lastKnownFileType = sourcecode.c.c; name = thread.c; path = CPython/Python/thread.c; sourceTree = SOURCE_ROOT; };
		4E72440EA45A18C01EDEDA14 /* getbuildinfo.c */ = {isa = PBXFileReference; lastKnownFileType = sourcecode.c.c; name = getbuildinfo.c; path = CPython/Modules/getbuildinfo.c; sourceTree = SOURCE_ROOT; };
		50B4422B9948C74C87A0A850 /* compile.c */ = {isa = PBXFileReference; lastKnownFileType = sourcecode.c.c; name = compile.c; path = CPython/Python/compile.c; sourceTree = SOURCE_ROOT; };
		520846DD8309985D20D56A27 /* weakrefobject.c */ = {isa = PBXFileReference; lastKnownFileType = sourcecode.c.c; name = weakrefobject.c; path = CPython/Objects/weakrefobject.c; sourceTree = SOURCE_ROOT; };
		5281411E9B9F3A89EAA6592C /* codeobject.c */ = {isa = PBXFileReference; lastKnownFileType = sourcecode.c.c; name = codeobject.c; path = CPython/Objects/codeobject.c; sourceTree = SOURCE_ROOT; };
		56A940CE9CA2EF6C639240DF /* pythonrun.c */ = {isa = PBXFileReference; lastKnownFileType = sourcecode.c.c; name = pythonrun.c; path = CPython/Python/pythonrun.c; sourceTree = SOURCE_ROOT; };
		5849428FAE12032E0BF8777D /* _ssl.c */ = {isa = PBXFileReference; lastKnownFileType = sourcecode.c.c; name = _ssl.c; path = CPython/Modules/_ssl.c; sourceTree = SOURCE_ROOT; };
		58E9403DB00209E0287BB00B /* stringio.c */ = {isa = PBXFileReference; lastKnownFileType = sourcecode.c.c; name = stringio.c; path = CPython/Modules/_io/stringio.c; sourceTree = SOURCE_ROOT; };
		5C3F474799BEA2810E793801 /* _iomodule.c */ = {isa = PBXFileReference; lastKnownFileType = sourcecode.c.c; name = _iomodule.c; path = CPython/Modules/_io/_iomodule.c; sourceTree = SOURCE_ROOT; };
		5C7C4B06A3C97C38915CC953 /* moduleobject.c */ = {isa = PBXFileReference; lastKnownFileType = sourcecode.c.c; name = moduleobject.c; path = CPython/Objects/moduleobject.c; sourceTree = SOURCE_ROOT; };
		5FAF4AB4B79934B07AAB05DD /* timemodule.c */ = {isa = PBXFileReference; lastKnownFileType = sourcecode.c.c; name = timemodule.c; path = CPython/Modules/timemodule.c; sourceTree = SOURCE_ROOT; };
		65F041BA8690B71F93B6F4EB /* bltinmodule.c */ = {isa = PBXFileReference; lastKnownFileType = sourcecode.c.c; name = bltinmodule.c; path = CPython/Python/bltinmodule.c; sourceTree = SOURCE_ROOT; };
		6C474D2D8763C04D70FCA56C /* sliceobject.c */ = {isa = PBXFileReference; lastKnownFileType = sourcecode.c.c; name = sliceobject.c; path = CPython/Objects/sliceobject.c; sourceTree = SOURCE_ROOT; };
		6F464E97A23434A49A343110 /* tupleobject.c */ = {isa = PBXFileReference; lastKnownFileType = sourcecode.c.c; name = tupleobject.c; path = CPython/Objects/tupleobject.c; sourceTree = SOURCE_ROOT; };
		70BD4B2F8701DF7EED171644 /* posixmodule.c */ = {isa = PBXFileReference; lastKnownFileType = sourcecode.c.c; name = posixmodule.c; path = CPython/Modules/posixmodule.c; sourceTree = SOURCE_ROOT; };
		70DB45F99CCC1420978D7B5C /* frameobject.c */ = {isa = PBXFileReference; lastKnownFileType = sourcecode.c.c; name = frameobject.c; path = CPython/Objects/frameobject.c; sourceTree = SOURCE_ROOT; };
		713649C2A9C2E2E5976CBB58 /* rangeobject.c */ = {isa = PBXFileReference; lastKnownFileType = sourcecode.c.c; name = rangeobject.c; path = CPython/Objects/rangeobject.c; sourceTree = SOURCE_ROOT; };
		771F4951BB03B982FB1600BC /* getopt.c */ = {isa = PBXFileReference; lastKnownFileType = sourcecode.c.c; name = getopt.c; path = CPython/Python/getopt.c; sourceTree = SOURCE_ROOT; };
		77414611B9157E2AE4DF1E54 /* parser.c */ = {isa = PBXFileReference; lastKnownFileType = sourcecode.c.c; name = parser.c; path = CPython/Parser/parser.c; sourceTree = SOURCE_ROOT; };
		794A41D281C8EBBB85B6EE03 /* metagrammar.c */ = {isa = PBXFileReference; lastKnownFileType = sourcecode.c.c; name = metagrammar.c; path = CPython/Parser/metagrammar.c; sourceTree = SOURCE_ROOT; };
		7A6F40AA8EB96D26BB8F0C13 /* bufferedio.c */ = {isa = PBXFileReference; lastKnownFileType = sourcecode.c.c; name = bufferedio.c; path = CPython/Modules/_io/bufferedio.c; sourceTree = SOURCE_ROOT; };
		7BA54F24AC6A54E9E3BBB275 /* _randommodule.c */ = {isa = PBXFileReference; lastKnownFileType = sourcecode.c.c; name = _randommodule.c; path = CPython/Modules/_randommodule.c; sourceTree = SOURCE_ROOT; };
		7D214793AF90063D5CD7BA1C /* getcopyright.c */ = {isa = PBXFileReference; lastKnownFileType = sourcecode.c.c; name = getcopyright.c; path = CPython/Python/getcopyright.c; sourceTree = SOURCE_ROOT; };
		7E804181930420A550D1BEE6 /* _functoolsmodule.c */ = {isa = PBXFileReference; lastKnownFileType = sourcecode.c.c; name = _functoolsmodule.c; path = CPython/Modules/_functoolsmodule.c; sourceTree = SOURCE_ROOT; };
		7ED3431FA641FBD86E578716 /* structseq.c */ = {isa = PBXFileReference; lastKnownFileType = sourcecode.c.c; name = structseq.c; path = CPython/Objects/structseq.c; sourceTree = SOURCE_ROOT; };
		7F7841B3A2630DE4EEC1141C /* _json.c */ = {isa = PBXFileReference; lastKnownFileType = sourcecode.c.c; name = _json.c; path = CPython/Modules/_json.c; sourceTree = SOURCE_ROOT; };
		7F874414AE933C0ACA5C7278 /* printgrammar.c */ = {isa = PBXFileReference; lastKnownFileType = sourcecode.c.c; name = printgrammar.c; path = CPython/Parser/printgrammar.c; sourceTree = SOURCE_ROOT; };
		82B54FC2B80792AB77FEF19A /* acceler.c */ = {isa = PBXFileReference; lastKnownFileType = sourcecode.c.c; name = acceler.c; path = CPython/Parser/acceler.c; sourceTree = SOURCE_ROOT; };
		86494B6D9D6B0E938736A97B /* fcntlmodule.c */ = {isa = PBXFileReference; lastKnownFileType = sourcecode.c.c; name = fcntlmodule.c; path = CPython/Modules/fcntlmodule.c; sourceTree = SOURCE_ROOT; };
		8A82469FB03C894273553E74 /* listobject.c */ = {isa = PBXFileReference; lastKnownFileType = sourcecode.c.c; name = listobject.c; path = CPython/Objects/listobject.c; sourceTree = SOURCE_ROOT; };
		8D4A447CBED5EA6BE84455DE /* memoryobject.c */ = {isa = PBXFileReference; lastKnownFileType = sourcecode.c.c; name = memoryobject.c; path = CPython/Objects/memoryobject.c; sourceTree = SOURCE_ROOT; };
		8FBD45B1B51493DE058FAF0C /* mysnprintf.c */ = {isa = PBXFileReference; lastKnownFileType = sourcecode.c.c; name = mysnprintf.c; path = CPython/Python/mysnprintf.c; sourceTree = SOURCE_ROOT; };
		918E4C92A06EF1F95F015C2C /* strtod.c */ = {isa = PBXFileReference; lastKnownFileType = sourcecode.c.c; name = strtod.c; path = CPython/Python/strtod.c; sourceTree = SOURCE_ROOT; };
		91D94BEA94B13D431E076B98 /* fileobject.c */ = {isa = PBXFileReference; lastKnownFileType = sourcecode.c.c; name = fileobject.c; path = CPython/Objects/fileobject.c; sourceTree = SOURCE_ROOT; };
		92C741B29EF9F8380D41AA5A /* enumobject.c */ = {isa = PBXFileReference; lastKnownFileType = sourcecode.c.c; name = enumobject.c; path = CPython/Objects/enumobject.c; sourceTree = SOURCE_ROOT; };
		95BA40CFA1C1FA7CA0626E55 /* arraymodule.c */ = {isa = PBXFileReference; lastKnownFileType = sourcecode.c.c; name = arraymodule.c; path = CPython/Modules/arraymodule.c; sourceTree = SOURCE_ROOT; };
		96B847168FA7E21E50BD945B /* _sre.c */ = {isa = PBXFileReference; lastKnownFileType = sourcecode.c.c; name = _sre.c; path = CPython/Modules/_sre.c; sourceTree = SOURCE_ROOT; };
		96F5483D9BCEC6CF6FB48BDB /* getcompiler.c */ = {isa = PBXFileReference; lastKnownFileType = sourcecode.c.c; name = getcompiler.c; path = CPython/Python/getcompiler.c; sourceTree = SOURCE_ROOT; };
		96FD472491AD8467725E34CF /* bufferobject.c */ = {isa = PBXFileReference; lastKnownFileType = sourcecode.c.c; name = bufferobject.c; path = CPython/Objects/bufferobject.c; sourceTree = SOURCE_ROOT; };
		97FA42C0A4CCFCD8B254CDA7 /* frozenmain.c */ = {isa = PBXFileReference; lastKnownFileType = sourcecode.c.c; name = frozenmain.c; path = CPython/Python/frozenmain.c; sourceTree = SOURCE_ROOT; };
		996A46B7926F4E6C7C93B956 /* _collectionsmodule.c */ = {isa = PBXFileReference; lastKnownFileType = sourcecode.c.c; name = _collectionsmodule.c; path = CPython/Modules/_collectionsmodule.c; sourceTree = SOURCE_ROOT; };
		9AD74A4182844494D4FB4A0D /* setobject.c */ = {isa = PBXFileReference; lastKnownFileType = sourcecode.c.c; name = setobject.c; path = CPython/Objects/setobject.c; sourceTree = SOURCE_ROOT; };
		9AEF46D1944DEB1E0224B250 /* errors.c */ = {isa = PBXFileReference; lastKnownFileType = sourcecode.c.c; name = errors.c; path = CPython/Python/errors.c; sourceTree = SOURCE_ROOT; };
		9BE843829033C5442375051D /* getargs.c */ = {isa = PBXFileReference; lastKnownFileType = sourcecode.c.c; name = getargs.c; path = CPython/Python/getargs.c; sourceTree = SOURCE_ROOT; };
		A05F41439990B0CC9BE38364 /* gcmodule.c */ = {isa = PBXFileReference; lastKnownFileType = sourcecode.c.c; name = gcmodule.c; path = CPython/Modules/gcmodule.c; sourceTree = SOURCE_ROOT; };
		A2464520908D74362A7BD78B /* dtoa.c */ = {isa = PBXFileReference; lastKnownFileType = sourcecode.c.c; name = dtoa.c; path = CPython/Python/dtoa.c; sourceTree = SOURCE_ROOT; };
		A2F94EB9B4406C6B4B2A4D09 /* pyarena.c */ = {isa = PBXFileReference; lastKnownFileType = sourcecode.c.c; name = pyarena.c; path = CPython/Python/pyarena.c; sourceTree = SOURCE_ROOT; };
		A33A45FA80B0C110B783DF33 /* importdl.c */ = {isa = PBXFileReference; lastKnownFileType = sourcecode.c.c; name = importdl.c; path = CPython/Python/importdl.c; sourceTree = SOURCE_ROOT; };
		A54740BD854659005A0B0E2E /* socketmodule.c */ = {isa = PBXFileReference; lastKnownFileType = sourcecode.c.c; name = socketmodule.c; path = CPython/Modules/socketmodule.c; sourceTree = SOURCE_ROOT; };
		AC364B21A81E43862D8BBB27 /* zlibmodule.c */ = {isa = PBXFileReference; lastKnownFileType = sourcecode.c.c; name = zlibmodule.c; path = CPython/Modules/zlibmodule.c; sourceTree = SOURCE_ROOT; };
		ADB545A1932EAAFC29790E63 /* cobject.c */ = {isa = PBXFileReference; lastKnownFileType = sourcecode.c.c; name = cobject.c; path = CPython/Objects/cobject.c; sourceTree = SOURCE_ROOT; };
		AE124DFE82E0F7CBDF7B02A9 /* longobject.c */ = {isa = PBXFileReference; lastKnownFileType = sourcecode.c.c; name = longobject.c; path = CPython/Objects/longobject.c; sourceTree = SOURCE_ROOT; };
		B0C744EF80F638BB58326D96 /* datetimemodule.c */ = {isa = PBXFileReference; lastKnownFileType = sourcecode.c.c; name = datetimemodule.c; path = CPython/Modules/datetimemodule.c; sourceTree = SOURCE_ROOT; };
		B13E42CB8E858779E96522E6 /* pyimportconfig.c */ = {isa = PBXFileReference; lastKnownFileType = sourcecode.c.c; name = pyimportconfig.c; path = pyimportconfig.c; sourceTree = SOURCE_ROOT; };
		B3C14C0E8853880981413FAE /* pyctype.c */ = {isa = PBXFileReference; lastKnownFileType = sourcecode.c.c; name = pyctype.c; path = CPython/Python/pyctype.c; sourceTree = SOURCE_ROOT; };
		B45F4FA599087213F3A98886 /* getplatform.c */ = {isa = PBXFileReference; lastKnownFileType = sourcecode.c.c; name = getplatform.c; path = CPython/Python/getplatform.c; sourceTree = SOURCE_ROOT; };
		B4AD4A8FB2DFB04849148CD8 /* Python-ast.c */ = {isa = PBXFileReference; lastKnownFileType = sourcecode.c.c; name = Python-ast.c; path = CPython/Python/Python-ast.c; sourceTree = SOURCE_ROOT; };
		B5D14AC2A5066E30836B6DB0 /* unicodeobject.c */ = {isa = PBXFileReference; lastKnownFileType = sourcecode.c.c; name = unicodeobject.c; path = CPython/Objects/unicodeobject.c; sourceTree = SOURCE_ROOT; };
		B80141EA94D932188AA6A490 /* _math.c */ = {isa = PBXFileReference; lastKnownFileType = sourcecode.c.c; name = _math.c; path = CPython/Modules/_math.c; sourceTree = SOURCE_ROOT; };
		BA0146D8A4ADDF1E9E8DE53B /* pystrtod.c */ = {isa = PBXFileReference; lastKnownFileType = sourcecode.c.c; name = pystrtod.c; path = CPython/Python/pystrtod.c; sourceTree = SOURCE_ROOT; };
		BC98485C9F7E9BB42BA6B44C /* dictobject.c */ = {isa = PBXFileReference; lastKnownFileType = sourcecode.c.c; name = dictobject.c; path = CPython/Objects/dictobject.c; sourceTree = SOURCE_ROOT; };
		BD8E4F0F903D4D7121CD3ED2 /* selectmodule.c */ = {isa = PBXFileReference; lastKnownFileType = sourcecode.c.c; name = selectmodule.c; path = CPython/Modules/selectmodule.c; sourceTree = SOURCE_ROOT; };
		BEBB419CA681CDCA414AE8EE /* firstsets.c */ = {isa = PBXFileReference; lastKnownFileType = sourcecode.c.c; name = firstsets.c; path = CPython/Parser/firstsets.c; sourceTree = SOURCE_ROOT; };
		C114492B81A6D03A188843DD /* dynload_stub.c */ = {isa = PBXFileReference; lastKnownFileType = sourcecode.c.c; name = dynload_stub.c; path = CPython/Python/dynload_stub.c; sourceTree = SOURCE_ROOT; };
		C9314DFA851869CD3E216BB0 /* bitset.c */ = {isa = PBXFileReference; lastKnownFileType = sourcecode.c.c; name = bitset.c; path = CPython/Parser/bitset.c; sourceTree = SOURCE_ROOT; };
		CB714AC8A67A4C2FD07CCB07 /* complexobject.c */ = {isa = PBXFileReference; lastKnownFileType = sourcecode.c.c; name = complexobject.c; path = CPython/Objects/complexobject.c; sourceTree = SOURCE_ROOT; };
		CBA8456CB382E18E87DA9595 /* md5module.c */ = {isa = PBXFileReference; lastKnownFileType = sourcecode.c.c; name = md5module.c; path = CPython/Modules/md5module.c; sourceTree = SOURCE_ROOT; };
		CEA340A794740B5426B3365B /* exceptions.c */ = {isa = PBXFileReference; lastKnownFileType = sourcecode.c.c; name = exceptions.c; path = CPython/Objects/exceptions.c; sourceTree = SOURCE_ROOT; };
		CF1B47948A4A7C0D2DA29E0D /* modsupport.c */ = {isa = PBXFileReference; lastKnownFileType = sourcecode.c.c; name = modsupport.c; path = CPython/Python/modsupport.c; sourceTree = SOURCE_ROOT; };
		D2254538805CFDAB685F746D /* _warnings.c */ = {isa = PBXFileReference; lastKnownFileType = sourcecode.c.c; name = _warnings.c; path = CPython/Python/_warnings.c; sourceTree = SOURCE_ROOT; };
		D37A4C3FA1E61946B4240582 /* ceval.c */ = {isa = PBXFileReference; lastKnownFileType = sourcecode.c.c; name = ceval.c; path = CPython/Python/ceval.c; sourceTree = SOURCE_ROOT; };
		D7B74286A0AB6EE8AF970AF7 /* bytesio.c */ = {isa = PBXFileReference; lastKnownFileType = sourcecode.c.c; name = bytesio.c; path = CPython/Modules/_io/bytesio.c; sourceTree = SOURCE_ROOT; };
		D8E54BB3B7D209421468745C /* classobject.c */ = {isa = PBXFileReference; lastKnownFileType = sourcecode.c.c; name = classobject.c; path = CPython/Objects/classobject.c; sourceTree = SOURCE_ROOT; };
		D8F047CC835A56ED96894FE0 /* mystrtoul.c */ = {isa = PBXFileReference; lastKnownFileType = sourcecode.c.c; name = mystrtoul.c; path = CPython/Python/mystrtoul.c; sourceTree = SOURCE_ROOT; };
		D905402EA186EF0CAAC7FD43 /* genobject.c */ = {isa = PBXFileReference; lastKnownFileType = sourcecode.c.c; name = genobject.c; path = CPython/Objects/genobject.c; sourceTree = SOURCE_ROOT; };
		DA4F497DB010263C9BCBFB69 /* itertoolsmodule.c */ = {isa = PBXFileReference; lastKnownFileType = sourcecode.c.c; name = itertoolsmodule.c; path = CPython/Modules/itertoolsmodule.c; sourceTree = SOURCE_ROOT; };
		DAB74C83AF3F486543199EA4 /* dup2.c */ = {isa = PBXFileReference; lastKnownFileType = sourcecode.c.c; name = dup2.c; path = CPython/Python/dup2.c; sourceTree = SOURCE_ROOT; };
		DD424C1FBCF6820D7316A1AD /* pystate.c */ = {isa = PBXFileReference; lastKnownFileType = sourcecode.c.c; name = pystate.c; path = CPython/Python/pystate.c; sourceTree = SOURCE_ROOT; };
		DEB94FB0A7E1791B9351A460 /* listnode.c */ = {isa = PBXFileReference; lastKnownFileType = sourcecode.c.c; name = listnode.c; path = CPython/Parser/listnode.c; sourceTree = SOURCE_ROOT; };
		E0E6491BA9547233EE517FE5 /* intobject.c */ = {isa = PBXFileReference; lastKnownFileType = sourcecode.c.c; name = intobject.c; path = CPython/Objects/intobject.c; sourceTree = SOURCE_ROOT; };
		E1444ED2B910E7C54108696B /* _codecsmodule.c */ = {isa = PBXFileReference; lastKnownFileType = sourcecode.c.c; name = _codecsmodule.c; path = CPython/Modules/_codecsmodule.c; sourceTree = SOURCE_ROOT; };
		E4364C02A7E0F9701D06702F /* iobase.c */ = {isa = PBXFileReference; lastKnownFileType = sourcecode.c.c; name = iobase.c; path = CPython/Modules/_io/iobase.c; sourceTree = SOURCE_ROOT; };
		E44A4436BBE9F6B3F4B10D4B /* capsule.c */ = {isa = PBXFileReference; lastKnownFileType = sourcecode.c.c; name = capsule.c; path = CPython/Objects/capsule.c; sourceTree = SOURCE_ROOT; };
		E4FE48D586A61F0569904336 /* node.c */ = {isa = PBXFileReference; lastKnownFileType = sourcecode.c.c; name = node.c; path = CPython/Parser/node.c; sourceTree = SOURCE_ROOT; };
		E63E4BCB88BB661158D5D11C /* bytearrayobject.c */ = {isa = PBXFileReference; lastKnownFileType = sourcecode.c.c; name = bytearrayobject.c; path = CPython/Objects/bytearrayobject.c; sourceTree = SOURCE_ROOT; };
		E6A94FE2A1CD2BC9B46FEB48 /* bytes_methods.c */ = {isa = PBXFileReference; lastKnownFileType = sourcecode.c.c; name = bytes_methods.c; path = CPython/Objects/bytes_methods.c; sourceTree = SOURCE_ROOT; };
		E82542CCBC7071D9293F48B9 /* asdl.c */ = {isa = PBXFileReference; lastKnownFileType = sourcecode.c.c; name = asdl.c; path = CPython/Python/asdl.c; sourceTree = SOURCE_ROOT; };
		E93044DDB6884088F889C5A1 /* cellobject.c */ = {isa = PBXFileReference; lastKnownFileType = sourcecode.c.c; name = cellobject.c; path = CPython/Objects/cellobject.c; sourceTree = SOURCE_ROOT; };
		EA9642948BAAD9FD6D6D59DA /* getcwd.c */ = {isa = PBXFileReference; lastKnownFileType = sourcecode.c.c; name = getcwd.c; path = CPython/Python/getcwd.c; sourceTree = SOURCE_ROOT; };
		EB7A405B95498B7DC02FA189 /* grammar1.c */ = {isa = PBXFileReference; lastKnownFileType = sourcecode.c.c; name = grammar1.c; path = CPython/Parser/grammar1.c; sourceTree = SOURCE_ROOT; };
		EB814071ACCF290E6247F7EC /* graminit.c */ = {isa = PBXFileReference; lastKnownFileType = sourcecode.c.c; name = graminit.c; path = CPython/Python/graminit.c; sourceTree = SOURCE_ROOT; };
		EC234A1A872A905718138C76 /* myreadline.c */ = {isa = PBXFileReference; lastKnownFileType = sourcecode.c.c; name = myreadline.c; path = CPython/Parser/myreadline.c; sourceTree = SOURCE_ROOT; };
		ECEE422D90974B6AFC6E9A7D /* _csv.c */ = {isa = PBXFileReference; lastKnownFileType = sourcecode.c.c; name = _csv.c; path = CPython/Modules/_csv.c; sourceTree = SOURCE_ROOT; };
		F2FA4767AA6FEF6DF1482910 /* structmember.c */ = {isa = PBXFileReference; lastKnownFileType = sourcecode.c.c; name = structmember.c; path = CPython/Python/structmember.c; sourceTree = SOURCE_ROOT; };
		FCF942BF8B2B47CC867B8596 /* traceback.c */ = {isa = PBXFileReference; lastKnownFileType = sourcecode.c.c; name = traceback.c; path = CPython/Python/traceback.c; sourceTree = SOURCE_ROOT; };
		FD9347C3BB76347A1A445A7D /* stringobject.c */ = {isa = PBXFileReference; lastKnownFileType = sourcecode.c.c; name = stringobject.c; path = CPython/Objects/stringobject.c; sourceTree = SOURCE_ROOT; };
		FE1C49309265001F10A6B38A /* errnomodule.c */ = {isa = PBXFileReference; lastKnownFileType = sourcecode.c.c; name = errnomodule.c; path = CPython/Modules/errnomodule.c; sourceTree = SOURCE_ROOT; };
/* End PBXFileReference section */

/* Begin PBXFrameworksBuildPhase section */
		2303494A17AC4B0F00C6033C /* Frameworks */ = {
			isa = PBXFrameworksBuildPhase;
			buildActionMask = 2147483647;
			files = (
			);
			runOnlyForDeploymentPostprocessing = 0;
		};
/* End PBXFrameworksBuildPhase section */

/* Begin PBXGroup section */
		2303494217AC436100C6033C /*  */ = {
			isa = PBXGroup;
			children = (
				2303494F17AC4B1000C6033C /* Python */,
				2303494E17AC4B1000C6033C /* Products */,
				919D4677B4A37A57B918662D /* src */,
			);
			sourceTree = "<group>";
		};
		2303494E17AC4B1000C6033C /* Products */ = {
			isa = PBXGroup;
			children = (
				2303494D17AC4B0F00C6033C /* Python.dylib */,
			);
			name = Products;
			sourceTree = "<group>";
		};
		2303494F17AC4B1000C6033C /* Python */ = {
			isa = PBXGroup;
			children = (
			);
			path = Python;
			sourceTree = "<group>";
		};
		5C6947199E5B8A768A667A84 /* objFiles */ = {
			isa = PBXGroup;
			children = (
				5281411E9B9F3A89EAA6592C /* codeobject.c */,
				E44A4436BBE9F6B3F4B10D4B /* capsule.c */,
				3D0D4CCFA2B6849E4A04432E /* abstract.c */,
				70DB45F99CCC1420978D7B5C /* frameobject.c */,
				01DA487DBC8C7A3819EAAF2A /* funcobject.c */,
				96FD472491AD8467725E34CF /* bufferobject.c */,
				29914C4080BB2F50BA0DC00A /* typeobject.c */,
				AE124DFE82E0F7CBDF7B02A9 /* longobject.c */,
				FD9347C3BB76347A1A445A7D /* stringobject.c */,
				92C741B29EF9F8380D41AA5A /* enumobject.c */,
				06044A1A9045A060DEE72929 /* methodobject.c */,
				1DB041148009DFA0DEDE527B /* object.c */,
				9AD74A4182844494D4FB4A0D /* setobject.c */,
				36C24AAEA741053A8285C3ED /* boolobject.c */,
				CEA340A794740B5426B3365B /* exceptions.c */,
				E6A94FE2A1CD2BC9B46FEB48 /* bytes_methods.c */,
				E0E6491BA9547233EE517FE5 /* intobject.c */,
				CB714AC8A67A4C2FD07CCB07 /* complexobject.c */,
				2A6541DD9AE97BE5B52177B5 /* obmalloc.c */,
				8A82469FB03C894273553E74 /* listobject.c */,
				91D94BEA94B13D431E076B98 /* fileobject.c */,
				D8E54BB3B7D209421468745C /* classobject.c */,
				7ED3431FA641FBD86E578716 /* structseq.c */,
				6C474D2D8763C04D70FCA56C /* sliceobject.c */,
				453D4DF7A413FDDC73CCC6A6 /* unicodectype.c */,
				ADB545A1932EAAFC29790E63 /* cobject.c */,
				D905402EA186EF0CAAC7FD43 /* genobject.c */,
				BC98485C9F7E9BB42BA6B44C /* dictobject.c */,
				E63E4BCB88BB661158D5D11C /* bytearrayobject.c */,
				6F464E97A23434A49A343110 /* tupleobject.c */,
				B5D14AC2A5066E30836B6DB0 /* unicodeobject.c */,
				5C7C4B06A3C97C38915CC953 /* moduleobject.c */,
				713649C2A9C2E2E5976CBB58 /* rangeobject.c */,
				12BD4722B81A7904D01CD58C /* iterobject.c */,
				520846DD8309985D20D56A27 /* weakrefobject.c */,
				0E424EB8BC5A3B059004EB24 /* descrobject.c */,
				E93044DDB6884088F889C5A1 /* cellobject.c */,
				8D4A447CBED5EA6BE84455DE /* memoryobject.c */,
				249C45D4A44C9D34DF825D76 /* floatobject.c */,
			);
			name = objFiles;
			sourceTree = "<group>";
		};
		86BB4B76A66704948898F39A /* baseFiles */ = {
			isa = PBXGroup;
			children = (
				918E4C92A06EF1F95F015C2C /* strtod.c */,
				3FCB461FAF63D60F4D68432C /* getversion.c */,
				EA9642948BAAD9FD6D6D59DA /* getcwd.c */,
				8FBD45B1B51493DE058FAF0C /* mysnprintf.c */,
				B3C14C0E8853880981413FAE /* pyctype.c */,
				9BE843829033C5442375051D /* getargs.c */,
				052A42C2B64034E02EAD3585 /* atof.c */,
				771F4951BB03B982FB1600BC /* getopt.c */,
				50B4422B9948C74C87A0A850 /* compile.c */,
				B45F4FA599087213F3A98886 /* getplatform.c */,
				0BD74D0482F78BE45ECD9D5D /* frozen.c */,
				96F5483D9BCEC6CF6FB48BDB /* getcompiler.c */,
				18A5442FA0E9D2EB07EEBAEA /* ast.c */,
				D8F047CC835A56ED96894FE0 /* mystrtoul.c */,
				457A4EED83A6DBC4199F39DB /* import.c */,
				56A940CE9CA2EF6C639240DF /* pythonrun.c */,
				7D214793AF90063D5CD7BA1C /* getcopyright.c */,
				4D4148968DAD0EBDB05BD426 /* thread.c */,
				277243F7A8F2AE625504E166 /* formatter_unicode.c */,
				133C42DE9C7C936FEF79D536 /* peephole.c */,
				06EA42E2B913136BF4A8C118 /* symtable.c */,
				25BF4686842A781CED4FA9A6 /* marshal.c */,
				DD424C1FBCF6820D7316A1AD /* pystate.c */,
				F2FA4767AA6FEF6DF1482910 /* structmember.c */,
				1BEC4AAF9FCBCEC078B1C865 /* sysmodule.c */,
				65F041BA8690B71F93B6F4EB /* bltinmodule.c */,
				1C994F7097AF9AF005C5FFFC /* codecs.c */,
				B4AD4A8FB2DFB04849148CD8 /* Python-ast.c */,
				38454B42BADB4A66C772B9FE /* random.c */,
				97FA42C0A4CCFCD8B254CDA7 /* frozenmain.c */,
				D37A4C3FA1E61946B4240582 /* ceval.c */,
				9AEF46D1944DEB1E0224B250 /* errors.c */,
				EB814071ACCF290E6247F7EC /* graminit.c */,
				BA0146D8A4ADDF1E9E8DE53B /* pystrtod.c */,
				4C334F85B063EF913B874132 /* future.c */,
				E82542CCBC7071D9293F48B9 /* asdl.c */,
				DAB74C83AF3F486543199EA4 /* dup2.c */,
				D2254538805CFDAB685F746D /* _warnings.c */,
				FCF942BF8B2B47CC867B8596 /* traceback.c */,
				3AB64A04AA3D78EE101F37CA /* pystrcmp.c */,
				A2F94EB9B4406C6B4B2A4D09 /* pyarena.c */,
				08BE4A8287025A3885BCC025 /* strdup.c */,
				01D448E99287B3E6480088AA /* pyfpe.c */,
				A33A45FA80B0C110B783DF33 /* importdl.c */,
				26474EA98FCC9176799325BF /* pymath.c */,
				A2464520908D74362A7BD78B /* dtoa.c */,
				CF1B47948A4A7C0D2DA29E0D /* modsupport.c */,
				15354E3CB0D4D1189C8A3664 /* formatter_string.c */,
			);
			name = baseFiles;
			sourceTree = "<group>";
		};
		919D4677B4A37A57B918662D /* src */ = {
			isa = PBXGroup;
			children = (
				86BB4B76A66704948898F39A /* baseFiles */,
				A32244EDB92FB91C68C7318B /* extraFiles */,
				E7604734B1DCD8CDBC883668 /* modFiles */,
				5C6947199E5B8A768A667A84 /* objFiles */,
				C18C467CA6CDCEF9245679C7 /* parserFiles */,
			);
			name = src;
			sourceTree = "<group>";
		};
		A32244EDB92FB91C68C7318B /* extraFiles */ = {
			isa = PBXGroup;
			children = (
				0DD542FBAF4059B8A5845C6C /* pygetpath.c */,
				C114492B81A6D03A188843DD /* dynload_stub.c */,
				B13E42CB8E858779E96522E6 /* pyimportconfig.c */,
			);
			name = extraFiles;
			sourceTree = "<group>";
		};
		C18C467CA6CDCEF9245679C7 /* parserFiles */ = {
			isa = PBXGroup;
			children = (
				7F874414AE933C0ACA5C7278 /* printgrammar.c */,
				4AE741D188CB9EFDB924D1F0 /* grammar.c */,
				EB7A405B95498B7DC02FA189 /* grammar1.c */,
				C9314DFA851869CD3E216BB0 /* bitset.c */,
				EC234A1A872A905718138C76 /* myreadline.c */,
				E4FE48D586A61F0569904336 /* node.c */,
				77414611B9157E2AE4DF1E54 /* parser.c */,
				794A41D281C8EBBB85B6EE03 /* metagrammar.c */,
				37F54649874B96E07CCEBE28 /* tokenizer.c */,
				BEBB419CA681CDCA414AE8EE /* firstsets.c */,
				DEB94FB0A7E1791B9351A460 /* listnode.c */,
				09934D2080DDE2F6A465F0AA /* parsetok.c */,
				82B54FC2B80792AB77FEF19A /* acceler.c */,
			);
			name = parserFiles;
			sourceTree = "<group>";
		};
		E7604734B1DCD8CDBC883668 /* modFiles */ = {
			isa = PBXGroup;
			children = (
				B0C744EF80F638BB58326D96 /* datetimemodule.c */,
				7BA54F24AC6A54E9E3BBB275 /* _randommodule.c */,
				085945B5939F6D014BA83130 /* _weakref.c */,
				090F4D7BAABBC7FDFFE15EB8 /* signalmodule.c */,
				ECEE422D90974B6AFC6E9A7D /* _csv.c */,
				268646B5B1E52DEF7095A474 /* shamodule.c */,
				96B847168FA7E21E50BD945B /* _sre.c */,
				E1444ED2B910E7C54108696B /* _codecsmodule.c */,
				86494B6D9D6B0E938736A97B /* fcntlmodule.c */,
				FE1C49309265001F10A6B38A /* errnomodule.c */,
				996A46B7926F4E6C7C93B956 /* _collectionsmodule.c */,
				58E9403DB00209E0287BB00B /* stringio.c */,
				4E72440EA45A18C01EDEDA14 /* getbuildinfo.c */,
				AC364B21A81E43862D8BBB27 /* zlibmodule.c */,
				1618496F8C5D5F68777CF4ED /* threadmodule.c */,
				3E6D4F368488D3D2F6638D4F /* operator.c */,
				28754562A5DD417B46052A34 /* _struct.c */,
				22AC40EB802B196566455962 /* md5.c */,
				7A6F40AA8EB96D26BB8F0C13 /* bufferedio.c */,
				CBA8456CB382E18E87DA9595 /* md5module.c */,
				03644272B4B282E9E2E2FF9D /* main.c */,
				DA4F497DB010263C9BCBFB69 /* itertoolsmodule.c */,
				A54740BD854659005A0B0E2E /* socketmodule.c */,
				4CC5400E942860195DEA6D94 /* fileio.c */,
				E4364C02A7E0F9701D06702F /* iobase.c */,
				BD8E4F0F903D4D7121CD3ED2 /* selectmodule.c */,
				3AD54246B304195A5CF4C277 /* sha256module.c */,
				264448E09823C162BE8B28DA /* sha512module.c */,
				B80141EA94D932188AA6A490 /* _math.c */,
				08934934ABE68D93C19FE2ED /* binascii.c */,
				5FAF4AB4B79934B07AAB05DD /* timemodule.c */,
				30C14B94B316E6CAE9D41112 /* mathmodule.c */,
				7E804181930420A550D1BEE6 /* _functoolsmodule.c */,
				5849428FAE12032E0BF8777D /* _ssl.c */,
				95BA40CFA1C1FA7CA0626E55 /* arraymodule.c */,
				70BD4B2F8701DF7EED171644 /* posixmodule.c */,
				5C3F474799BEA2810E793801 /* _iomodule.c */,
				7F7841B3A2630DE4EEC1141C /* _json.c */,
				D7B74286A0AB6EE8AF970AF7 /* bytesio.c */,
				A05F41439990B0CC9BE38364 /* gcmodule.c */,
				3475467DB22DCCB7872AD1DB /* cStringIO.c */,
				4B934F9F8F69C2D926DBFAC7 /* textio.c */,
			);
			name = modFiles;
			sourceTree = "<group>";
		};
/* End PBXGroup section */

/* Begin PBXNativeTarget section */
		2303494C17AC4B0F00C6033C /* Python */ = {
			isa = PBXNativeTarget;
			buildConfigurationList = 2303495A17AC4B1000C6033C /* Build configuration list for PBXNativeTarget "Python" */;
			buildPhases = (
				2303494917AC4B0F00C6033C /* Sources */,
				2303494A17AC4B0F00C6033C /* Frameworks */,
				2303494B17AC4B0F00C6033C /* Headers */,
			);
			buildRules = (
			);
			dependencies = (
			);
			name = Python;
			productName = Python;
			productReference = 2303494D17AC4B0F00C6033C /* Python.dylib */;
			productType = com.apple.product-type.library.dynamic;
		};
/* End PBXNativeTarget section */

/* Begin PBXProject section */
		2303494317AC436100C6033C /* Project Object */ = {
			isa = PBXProject;
			attributes = {
				LastUpgradeCheck = 0460;
			};
			buildConfigurationList = 2303494617AC436100C6033C /* Build configuration list for PBXNativeTarget "TARGET_NAME" */;
			compatibilityVersion = "Xcode 3.2";
			developmentRegion = English;
			hasScannedForEncodings = 0;
			knownRegions = (
				en,
			);
			mainGroup = 2303494217AC436100C6033C /*  */;
			productRefGroup = 2303494E17AC4B1000C6033C /* Products */;
			projectDirPath = "";
			projectRoot = "";
			targets = (
				2303494C17AC4B0F00C6033C /* Python */,
			);
		};
/* End PBXProject section */

/* Begin PBXSourcesBuildPhase section */
		2303494917AC4B0F00C6033C /* Sources */ = {
			isa = PBXSourcesBuildPhase;
			buildActionMask = 2147483647;
			files = (
				5F4B41628C606E493B60F3BB /* strtod.c */,
				03C24B6289141C755DA79A7F /* getversion.c */,
				80DF438DA6891FD70A63447F /* getcwd.c */,
				1696452AA3F4C10FEB1A51C0 /* mysnprintf.c */,
				D57246CD988840D69D0F34AA /* pyctype.c */,
				89EE493198D0D7699B25469E /* getargs.c */,
				2871455EBADD7E0622B4500E /* atof.c */,
				05F041039782039F7076A213 /* getopt.c */,
				877246D5B4156D9FFEC63C37 /* compile.c */,
				AECB447D8FF5366387E1FC23 /* getplatform.c */,
				94A84554BA5C9C1AA7EFA43C /* frozen.c */,
				80C649A28EAED9CAF5F933A6 /* getcompiler.c */,
				9ADC455CB75638AAF1ABFEF7 /* ast.c */,
				8AA14962BA4527FFB0E45506 /* mystrtoul.c */,
				F5C646DE9CE01558A63DED83 /* import.c */,
				54C9491C98F7290A69D404D4 /* pythonrun.c */,
				F618406FBB957E75350908F6 /* getcopyright.c */,
				A5B64F9FB9065F80B4C9007D /* thread.c */,
				B5F64E8385CCEEE84AC91E28 /* formatter_unicode.c */,
				FBDA4594A93917E03FAA2F8B /* peephole.c */,
				3CD04460B9E93B5D00E62CFC /* symtable.c */,
				8FA746899DCC0805D1CFDB1E /* marshal.c */,
				F64C4071B90CD1E71E6F2989 /* pystate.c */,
				1676468DAC03BC378E18FD52 /* structmember.c */,
				D54447F783E7717E8BA328F7 /* sysmodule.c */,
				52084C50AF723257BC173D25 /* bltinmodule.c */,
				EBCE4A4DBCB55508381343FD /* codecs.c */,
				70F94BA59FAD18CA6F9C31D6 /* Python-ast.c */,
				F165446DB813C7EB1AFA70C5 /* random.c */,
				5E5F4998A2B6CF0DBECC58E8 /* frozenmain.c */,
				3D7A424799EA9FB02A76C414 /* ceval.c */,
				899947EABEA5E0852BB511ED /* errors.c */,
				776F47F8AC57C8C41F066EF0 /* graminit.c */,
				F3A840B1B38DC319A22BE8CA /* pystrtod.c */,
				ED054104B2551A56886E1060 /* future.c */,
				CB124AEEBD5F00025BA135EA /* asdl.c */,
				F131493C8EA6C9BB557FFA10 /* dup2.c */,
				25C94955BBE5E3F4C54E9418 /* _warnings.c */,
				8EE847B3B9D038672D4AE6DD /* traceback.c */,
				8E5E4B3FA5CE71CDD386A6A2 /* pystrcmp.c */,
				FFAA4DD4BADEFAD371100737 /* pyarena.c */,
				7C204B52923006AC5F58F860 /* strdup.c */,
				FDA94921B49C63D19890FB5B /* pyfpe.c */,
				3E1C4A968ADD0CFD146C0F20 /* importdl.c */,
				4B55448692AC711ACFCA5B94 /* pymath.c */,
				DF8A42F98470648844A0ED2B /* dtoa.c */,
				45604E01912AAB7D86735A61 /* modsupport.c */,
				8F7C4ACC9AEADCECEC819FF4 /* formatter_string.c */,
				704541669F33ACD65322A809 /* pygetpath.c */,
				A23F4895B1F054BE70CDA272 /* dynload_stub.c */,
				94CE4CFD9EC70E23963DF13A /* pyimportconfig.c */,
				47634D39914EF2AFEE78324E /* datetimemodule.c */,
				079A4295910EBBE8BF75CD65 /* _randommodule.c */,
				6E3E4E319CC7356A9712AC8A /* _weakref.c */,
				90A74321B1D869A791581EA7 /* signalmodule.c */,
				83984B65874B2577EF6D27EE /* _csv.c */,
				DAE14D2D8ECC66ABBE800DEB /* shamodule.c */,
				64F94174A53C5678532639CC /* _sre.c */,
				A47F4C0987058EF4C1231517 /* _codecsmodule.c */,
				78BB434AA6FE387F2B52862D /* fcntlmodule.c */,
				4D1D420D8B0A6E490B208EC2 /* errnomodule.c */,
				BAC04F08A350EB918AB9AA37 /* _collectionsmodule.c */,
				BFF04C7D854D8C45C7660EA2 /* stringio.c */,
				F5604B97A54F4EA57F101768 /* getbuildinfo.c */,
				0FF94EF2A3FC8C6546E0B940 /* zlibmodule.c */,
				24FC4766A53B1E145EE8207F /* threadmodule.c */,
				D2E24A64BD3E6607625DC907 /* operator.c */,
				31F84797B5FC1835FB8D2F04 /* _struct.c */,
				F88148B98E8295195D780D89 /* md5.c */,
				63CC422A86B7F1CA3118E920 /* bufferedio.c */,
				F3F24A7984C2A5F00EB80D64 /* md5module.c */,
				2D6D412CAD02AB0865842285 /* main.c */,
				888746FCB9755542431BF4C1 /* itertoolsmodule.c */,
				1A3D4E93B886970B358F7AF0 /* socketmodule.c */,
				5CF943A3AAEF5CEBAC15E2F2 /* fileio.c */,
				F4ED46828FE3164DA531B5E3 /* iobase.c */,
				4BDB421D9C01A678ED6740D6 /* selectmodule.c */,
				5C434E09B17985CDCB9D8E37 /* sha256module.c */,
				D2164BE785F7F47E67E10CAF /* sha512module.c */,
				02AF481CAD8BBEE6A39CE3DA /* _math.c */,
				9508402FBE32B51580936D7A /* binascii.c */,
				01184C6DB42D261A4622CD33 /* timemodule.c */,
				FD6D46D79B54044310E4AD7C /* mathmodule.c */,
				EA21401CB97EB059F6D6CB11 /* _functoolsmodule.c */,
				3D444C3A873A47C6013F0BE8 /* _ssl.c */,
				E6674E1F961BCEC0F869C03B /* arraymodule.c */,
				373B41AC80249ED4E65C88EE /* posixmodule.c */,
				A0E64307B43FFA0E1BA35403 /* _iomodule.c */,
				FCC842B4942FA4049C6264A8 /* _json.c */,
				3CC44E459D178279116BE671 /* bytesio.c */,
				D0034FD18138100E4DB91169 /* gcmodule.c */,
				44BF479198E7B11666C0C2F1 /* cStringIO.c */,
				17D444CB8733A8A0A2E2B074 /* textio.c */,
				D828463997143285E4461F26 /* codeobject.c */,
				D88D493EB5AC37E2B32AFFB1 /* capsule.c */,
				C01147A999A9A42447009762 /* abstract.c */,
				06034D868D4E40D22E634786 /* frameobject.c */,
				A6C846A39EA21EAF0AC08129 /* funcobject.c */,
				61F54372B626187104A2F225 /* bufferobject.c */,
				464A417CBAC8D43BFDAF84CE /* typeobject.c */,
				4C78464395C02392E41D9138 /* longobject.c */,
				294E494FA904772DD25DF555 /* stringobject.c */,
				4F924625B788980EE6A5B4EB /* enumobject.c */,
				7C8E47CB9E608036FF584407 /* methodobject.c */,
				5BEE494B8C771BE7B84F0459 /* object.c */,
				B8FC4D0987BF8AFCB70965BB /* setobject.c */,
				18C3454C8B4E48C492EB767B /* boolobject.c */,
				227C476780CBA1BA8060C922 /* exceptions.c */,
				1D0444798FF1A22BD0F663B6 /* bytes_methods.c */,
				B7F641DB8B1150A90B2C88D6 /* intobject.c */,
				BF3449B1AFAED9BFE017276D /* complexobject.c */,
				A313465BA5D93817B1CB8254 /* obmalloc.c */,
				B8B04BFF9BF176880A591E5A /* listobject.c */,
				33BB4BBAB5500D059E33C2A2 /* fileobject.c */,
				851E4A559C45E53B909E170E /* classobject.c */,
				201E49DB83C2D21C6F41CA19 /* structseq.c */,
				17104BD3AA595C36C5870AAF /* sliceobject.c */,
				B8A54F66A3C1009C90AB43C1 /* unicodectype.c */,
				67DA42EABAB512DDAA92DA25 /* cobject.c */,
				5A634B629B9AAD6205D442EA /* genobject.c */,
				A028433A86AD50DD33A02D3D /* dictobject.c */,
				48D14E619A12B6254435E474 /* bytearrayobject.c */,
				52974D2ABA8927FF74353039 /* tupleobject.c */,
				0986422B9E492324EF02C439 /* unicodeobject.c */,
				0F594439B55C90BC44E6680E /* moduleobject.c */,
				85234686BA95E79FF2B25EEF /* rangeobject.c */,
				11FB42B886AA000C95CE9D30 /* iterobject.c */,
				711E405799695FEDA0B9E4C2 /* weakrefobject.c */,
				8E6F42D1AB0EABB13E5D3B24 /* descrobject.c */,
				A2A04A6CBE527A8C61682C9C /* cellobject.c */,
				1F4B499187E83D559B981F1F /* memoryobject.c */,
				D5A44FFB8C9C9CF3EBF05B9A /* floatobject.c */,
				745D460B85ADD6B21D6E0145 /* printgrammar.c */,
				ECBF4746969D883C581CC3CC /* grammar.c */,
				0B404EC885B3E79C69947DA4 /* grammar1.c */,
				84C346A3B4FAD617FD4AD357 /* bitset.c */,
				ED0E4501A5D56BC850C6E272 /* myreadline.c */,
				58004D02A41D2E06FD30A3D2 /* node.c */,
				F8BA4669BDBB7AB44FB6C257 /* parser.c */,
				E9C64743BDF568C63CA8F466 /* metagrammar.c */,
				71CE40ECA40F1D40450E898A /* tokenizer.c */,
				196045FD8402F86CE29ABE3D /* firstsets.c */,
				A3844AD18D88CE5A5B8B4995 /* listnode.c */,
				51014953BE98BCA4E976B17A /* parsetok.c */,
				D84043C5A2AE86A019B2E887 /* acceler.c */,
			);
			runOnlyForDeploymentPostprocessing = 0;
		};
/* End PBXSourcesBuildPhase section */

/* Begin XCBuildConfiguration section */
		2303494717AC436100C6033C /* Debug */ = {
			isa = XCBuildConfiguration;
			buildSettings = {
				HEADER_SEARCH_PATHS = (
					"\"$PROJECT_DIR/pylib\"",
					"\"$PROJECT_DIR/CPython/Include\"",
				);
				OTHER_CFLAGS = (
					-DWITH_THREAD,
				);
				OTHER_LDFLAGS = (
					-lssl,
					-lz,
					-lcrypto,
					-lsasl2,
				);
			};
			name = Debug;
		};
		2303494817AC436100C6033C /* Release */ = {
			isa = XCBuildConfiguration;
			buildSettings = {
				HEADER_SEARCH_PATHS = (
					"\"$PROJECT_DIR/pylib\"",
					"\"$PROJECT_DIR/CPython/Include\"",
				);
				OTHER_CFLAGS = (
					-DWITH_THREAD,
				);
				OTHER_LDFLAGS = (
					-lssl,
					-lz,
					-lcrypto,
					-lsasl2,
				);
			};
			name = Release;
		};
		2303495817AC4B1000C6033C /* Debug */ = {
			isa = XCBuildConfiguration;
			buildSettings = {
				ALWAYS_SEARCH_USER_PATHS = NO;
				ARCHS = "$(ARCHS_STANDARD_32_64_BIT)";
				CLANG_CXX_LANGUAGE_STANDARD = "gnu++0x";
				CLANG_CXX_LIBRARY = "libc++";
				CLANG_WARN_CONSTANT_CONVERSION = YES;
				CLANG_WARN_EMPTY_BODY = YES;
				CLANG_WARN_ENUM_CONVERSION = YES;
				CLANG_WARN_INT_CONVERSION = YES;
				CLANG_WARN__DUPLICATE_METHOD_MATCH = YES;
				COPY_PHASE_STRIP = NO;
				GCC_C_LANGUAGE_STANDARD = gnu99;
				GCC_DYNAMIC_NO_PIC = NO;
				GCC_ENABLE_OBJC_EXCEPTIONS = YES;
				GCC_OPTIMIZATION_LEVEL = 0;
				GCC_PREPROCESSOR_DEFINITIONS = (
					"DEBUG=1",
					"$(inherited)",
				);
				GCC_SYMBOLS_PRIVATE_EXTERN = NO;
				GCC_WARN_64_TO_32_BIT_CONVERSION = YES;
				GCC_WARN_ABOUT_RETURN_TYPE = YES;
				GCC_WARN_UNINITIALIZED_AUTOS = YES;
				GCC_WARN_UNUSED_VARIABLE = YES;
				HEADER_SEARCH_PATHS = (
					"\"$PROJECT_DIR/pylib\"",
					"\"$PROJECT_DIR/CPython/Include\"",
				);
				LD_DYLIB_INSTALL_NAME = "";
				MACOSX_DEPLOYMENT_TARGET = 10.8;
				ONLY_ACTIVE_ARCH = YES;
				OTHER_CFLAGS = (
					-DWITH_THREAD,
				);
				OTHER_LDFLAGS = (
					-lssl,
					-lz,
					-lcrypto,
					-lsasl2,
				);
				PRODUCT_NAME = "$(TARGET_NAME)";
				SDKROOT = macosx;
			};
			name = Debug;
		};
		2303495917AC4B1000C6033C /* Release */ = {
			isa = XCBuildConfiguration;
			buildSettings = {
				ALWAYS_SEARCH_USER_PATHS = NO;
				ARCHS = "$(ARCHS_STANDARD_32_64_BIT)";
				CLANG_CXX_LANGUAGE_STANDARD = "gnu++0x";
				CLANG_CXX_LIBRARY = "libc++";
				CLANG_WARN_CONSTANT_CONVERSION = YES;
				CLANG_WARN_EMPTY_BODY = YES;
				CLANG_WARN_ENUM_CONVERSION = YES;
				CLANG_WARN_INT_CONVERSION = YES;
				CLANG_WARN__DUPLICATE_METHOD_MATCH = YES;
				COPY_PHASE_STRIP = YES;
				DEBUG_INFORMATION_FORMAT = dwarf-with-dsym;
				GCC_C_LANGUAGE_STANDARD = gnu99;
				GCC_ENABLE_OBJC_EXCEPTIONS = YES;
				GCC_WARN_64_TO_32_BIT_CONVERSION = YES;
				GCC_WARN_ABOUT_RETURN_TYPE = YES;
				GCC_WARN_UNINITIALIZED_AUTOS = YES;
				GCC_WARN_UNUSED_VARIABLE = YES;
				HEADER_SEARCH_PATHS = (
					"\"$PROJECT_DIR/pylib\"",
					"\"$PROJECT_DIR/CPython/Include\"",
				);
				LD_DYLIB_INSTALL_NAME = "";
				MACOSX_DEPLOYMENT_TARGET = 10.8;
				OTHER_CFLAGS = (
					-DWITH_THREAD,
				);
				OTHER_LDFLAGS = (
					-lssl,
					-lz,
					-lcrypto,
					-lsasl2,
				);
				PRODUCT_NAME = "$(TARGET_NAME)";
				SDKROOT = macosx;
			};
			name = Release;
		};
/* End XCBuildConfiguration section */

/* Begin XCConfigurationList section */
		2303494617AC436100C6033C /* Build configuration list for PBXNativeTarget "TARGET_NAME" */ = {
			isa = XCConfigurationList;
			buildConfigurations = (
				2303494717AC436100C6033C /* Debug */,
				2303494817AC436100C6033C /* Release */,
			);
			defaultConfigurationIsVisible = 0;
			defaultConfigurationName = Release;
		};
		2303495A17AC4B1000C6033C /* Build configuration list for PBXNativeTarget "Python" */ = {
			isa = XCConfigurationList;
			buildConfigurations = (
				2303495817AC4B1000C6033C /* Debug */,
				2303495917AC4B1000C6033C /* Release */,
			);
			defaultConfigurationIsVisible = 0;
			defaultConfigurationName = Release;
		};
/* End XCConfigurationList section */
	};
	rootObject = 2303494317AC436100C6033C /* Project Object */;
}